
Microsoft Visual Studio Solution File, Format Version 12.00
# Visual Studio Version 16
VisualStudioVersion = 16.0.29409.12
MinimumVisualStudioVersion = 10.0.40219.1
Project("{9A19103F-16F7-4668-BE54-9A1E7A4F7556}") = "elastic-logger-web-api", "elastic-logger-web-api.csproj", "{6AF655E2-6E54-4418-B1C4-79F5A4DD1A8B}"
EndProject
Project("{E53339B2-1760-4266-BCC7-CA923CBCF16C}") = "docker-compose", "docker-compose.dcproj", "{294F398A-5244-4A2F-96BF-C217F616F93F}"
EndProject
Global
	GlobalSection(SolutionConfigurationPlatforms) = preSolution
		Debug|Any CPU = Debug|Any CPU
		Release|Any CPU = Release|Any CPU
	EndGlobalSection
	GlobalSection(ProjectConfigurationPlatforms) = postSolution
		{6AF655E2-6E54-4418-B1C4-79F5A4DD1A8B}.Debug|Any CPU.ActiveCfg = Debug|Any CPU
		{6AF655E2-6E54-4418-B1C4-79F5A4DD1A8B}.Debug|Any CPU.Build.0 = Debug|Any CPU
		{6AF655E2-6E54-4418-B1C4-79F5A4DD1A8B}.Release|Any CPU.ActiveCfg = Release|Any CPU
		{6AF655E2-6E54-4418-B1C4-79F5A4DD1A8B}.Release|Any CPU.Build.0 = Release|Any CPU
		{294F398A-5244-4A2F-96BF-C217F616F93F}.Debug|Any CPU.ActiveCfg = Debug|Any CPU
		{294F398A-5244-4A2F-96BF-C217F616F93F}.Debug|Any CPU.Build.0 = Debug|Any CPU
		{294F398A-5244-4A2F-96BF-C217F616F93F}.Release|Any CPU.ActiveCfg = Release|Any CPU
		{294F398A-5244-4A2F-96BF-C217F616F93F}.Release|Any CPU.Build.0 = Release|Any CPU
	EndGlobalSection
	GlobalSection(SolutionProperties) = preSolution
		HideSolutionNode = FALSE
	EndGlobalSection
	GlobalSection(ExtensibilityGlobals) = postSolution
		SolutionGuid = {B48FD037-3715-4188-AB42-A129DAE6D96A}
	EndGlobalSection
EndGlobal
